
Microsoft Visual Studio Solution File, Format Version 12.00
# Visual Studio Version 17
VisualStudioVersion = 17.11.35219.272
MinimumVisualStudioVersion = 10.0.40219.1
Project("{FAE04EC0-301F-11D3-BF4B-00C04F79EFBC}") = "CompoVisiteur", "ConsoleApp1\CompoVisiteur.csproj", "{D5C67CB0-3E67-409F-9CA5-8F22518857DC}"
EndProject
Project("{FAE04EC0-301F-11D3-BF4B-00C04F79EFBC}") = "ClassLibraryCompoVisit", "ClassLibraryVisiteur\ClassLibraryCompoVisit.csproj", "{B3FA9E73-2286-40DF-B03D-AF86CDA1FE91}"
EndProject
Global
	GlobalSection(SolutionConfigurationPlatforms) = preSolution
		Debug|Any CPU = Debug|Any CPU
		Release|Any CPU = Release|Any CPU
	EndGlobalSection
	GlobalSection(ProjectConfigurationPlatforms) = postSolution
		{D5C67CB0-3E67-409F-9CA5-8F22518857DC}.Debug|Any CPU.ActiveCfg = Debug|Any CPU
		{D5C67CB0-3E67-409F-9CA5-8F22518857DC}.Debug|Any CPU.Build.0 = Debug|Any CPU
		{D5C67CB0-3E67-409F-9CA5-8F22518857DC}.Release|Any CPU.ActiveCfg = Release|Any CPU
		{D5C67CB0-3E67-409F-9CA5-8F22518857DC}.Release|Any CPU.Build.0 = Release|Any CPU
		{B3FA9E73-2286-40DF-B03D-AF86CDA1FE91}.Debug|Any CPU.ActiveCfg = Debug|Any CPU
		{B3FA9E73-2286-40DF-B03D-AF86CDA1FE91}.Debug|Any CPU.Build.0 = Debug|Any CPU
		{B3FA9E73-2286-40DF-B03D-AF86CDA1FE91}.Release|Any CPU.ActiveCfg = Release|Any CPU
		{B3FA9E73-2286-40DF-B03D-AF86CDA1FE91}.Release|Any CPU.Build.0 = Release|Any CPU
	EndGlobalSection
	GlobalSection(SolutionProperties) = preSolution
		HideSolutionNode = FALSE
	EndGlobalSection
	GlobalSection(ExtensibilityGlobals) = postSolution
		SolutionGuid = {9DCE7135-67CA-494C-BD97-4DC1950F266A}
	EndGlobalSection
EndGlobal
